
Microsoft Visual Studio Solution File, Format Version 12.00
# Visual Studio 2012
Project("{FAE04EC0-301F-11D3-BF4B-00C04F79EFBC}") = "Refactoring", "Refactoring\Refactoring.csproj", "{2D3F5D0E-4A6B-44C0-8F63-8E95243AC028}"
EndProject
Project("{FAE04EC0-301F-11D3-BF4B-00C04F79EFBC}") = "UnitTestProject", "UnitTestProject\UnitTestProject.csproj", "{1FAF99A1-CCBF-435D-B599-4DAE1DAD5105}"
EndProject
Project("{2150E333-8FDC-42A3-9474-1A3956D46DE8}") = ".nuget", ".nuget", "{305082F7-07C1-49F5-A9C5-B3679B23EF73}"
	ProjectSection(SolutionItems) = preProject
		.nuget\NuGet.Config = .nuget\NuGet.Config
		.nuget\NuGet.exe = .nuget\NuGet.exe
		.nuget\NuGet.targets = .nuget\NuGet.targets
	EndProjectSection
EndProject
Global
	GlobalSection(SolutionConfigurationPlatforms) = preSolution
		Debug|Any CPU = Debug|Any CPU
		Release|Any CPU = Release|Any CPU
	EndGlobalSection
	GlobalSection(ProjectConfigurationPlatforms) = postSolution
		{2D3F5D0E-4A6B-44C0-8F63-8E95243AC028}.Debug|Any CPU.ActiveCfg = Debug|Any CPU
		{2D3F5D0E-4A6B-44C0-8F63-8E95243AC028}.Debug|Any CPU.Build.0 = Debug|Any CPU
		{2D3F5D0E-4A6B-44C0-8F63-8E95243AC028}.Release|Any CPU.ActiveCfg = Release|Any CPU
		{2D3F5D0E-4A6B-44C0-8F63-8E95243AC028}.Release|Any CPU.Build.0 = Release|Any CPU
		{1FAF99A1-CCBF-435D-B599-4DAE1DAD5105}.Debug|Any CPU.ActiveCfg = Debug|Any CPU
		{1FAF99A1-CCBF-435D-B599-4DAE1DAD5105}.Debug|Any CPU.Build.0 = Debug|Any CPU
		{1FAF99A1-CCBF-435D-B599-4DAE1DAD5105}.Release|Any CPU.ActiveCfg = Release|Any CPU
		{1FAF99A1-CCBF-435D-B599-4DAE1DAD5105}.Release|Any CPU.Build.0 = Release|Any CPU
	EndGlobalSection
	GlobalSection(SolutionProperties) = preSolution
		HideSolutionNode = FALSE
	EndGlobalSection
EndGlobal
